
Microsoft Visual Studio Solution File, Format Version 12.00
# Visual Studio Version 17
VisualStudioVersion = 17.11.35222.181
MinimumVisualStudioVersion = 10.0.40219.1
Project("{2150E333-8FDC-42A3-9474-1A3956D46DE8}") = "Task0", "Task0", "{379F527B-6E15-4600-9B07-5E00F97E5901}"
EndProject
Project("{2150E333-8FDC-42A3-9474-1A3956D46DE8}") = "Task1", "Task1", "{8C4CA887-C95A-4B98-9D78-13E74B8A235F}"
EndProject
Project("{2150E333-8FDC-42A3-9474-1A3956D46DE8}") = "Task2", "Task2", "{BF6FAC99-4CE2-4231-81AA-19D8E8000ABA}"
EndProject
Project("{2150E333-8FDC-42A3-9474-1A3956D46DE8}") = "Task3", "Task3", "{FADBBDEF-74CA-46BC-B3C1-FA889EE41479}"
EndProject
Project("{2150E333-8FDC-42A3-9474-1A3956D46DE8}") = "Task4", "Task4", "{FE5EA13D-4569-47FC-A7AC-8EF90038F84D}"
EndProject
Project("{2150E333-8FDC-42A3-9474-1A3956D46DE8}") = "Task5", "Task5", "{E603508A-EE71-44E0-8AC8-6FA34B3D7B9D}"
EndProject
Project("{2150E333-8FDC-42A3-9474-1A3956D46DE8}") = "Task6", "Task6", "{4C2E6D2A-487C-4A65-B7CF-2FBEF3764523}"
EndProject
Project("{2150E333-8FDC-42A3-9474-1A3956D46DE8}") = "Task7", "Task7", "{4FE7399D-5DCC-4D56-977D-F72C62B47EFC}"
EndProject
Project("{9A19103F-16F7-4668-BE54-9A1E7A4F7556}") = "Tyuiu.AvdeevAS.Sprint6.Task0.V29.Lib", "Tyuiu.AvdeevAS.Sprint6.Task0.V29.Lib\Tyuiu.AvdeevAS.Sprint6.Task0.V29.Lib.csproj", "{B6307F92-0D63-4945-B955-A97D22FEC20D}"
EndProject
Project("{9A19103F-16F7-4668-BE54-9A1E7A4F7556}") = "Tyuiu.AvdeevAS.Sprint6.Task0.V29.Test", "Tyuiu.AvdeevAS.Sprint6.Task0.V29.Test\Tyuiu.AvdeevAS.Sprint6.Task0.V29.Test.csproj", "{612B194D-74C8-4B81-A5EE-B979B611F28D}"
EndProject
Project("{FAE04EC0-301F-11D3-BF4B-00C04F79EFBC}") = "Tyuiu.AvdeevAS.Sprint6.Task0.V29", "Tyuiu.AvdeevAS.Sprint6.Task0.V29\Tyuiu.AvdeevAS.Sprint6.Task0.V29.csproj", "{DE7DA14E-FED1-4BC3-B73E-25F595A1EB58}"
EndProject
Project("{FAE04EC0-301F-11D3-BF4B-00C04F79EFBC}") = "Tyuiu.AvdeevAS.Sprint6.Task1.V14.Lib", "Tyuiu.AvdeevAS.Sprint6.Task1.V14.Lib\Tyuiu.AvdeevAS.Sprint6.Task1.V14.Lib.csproj", "{2FD94913-77A3-4132-BC3B-C392A8AF0AA0}"
EndProject
Project("{FAE04EC0-301F-11D3-BF4B-00C04F79EFBC}") = "Tyuiu.AvdeevAS.Sprint6.Task1.V14.Test", "Tyuiu.AvdeevAS.Sprint6.Task1.V14.Test\Tyuiu.AvdeevAS.Sprint6.Task1.V14.Test.csproj", "{8423D115-881D-4C6D-9AAA-8260AB9AD7C3}"
EndProject
Project("{FAE04EC0-301F-11D3-BF4B-00C04F79EFBC}") = "Tyuiu.AvdeevAS.Sprint6.Task1.V14", "Tyuiu.AvdeevAS.Sprint6.Task1.V14\Tyuiu.AvdeevAS.Sprint6.Task1.V14.csproj", "{162104B9-FEB6-4096-9E9B-A18A053E9783}"
EndProject
Project("{FAE04EC0-301F-11D3-BF4B-00C04F79EFBC}") = "Tyuiu.AvdeevAS.Sprint6.Task2.V10.Lib", "Tyuiu.AvdeevAS.Sprint6.Task2.V10.Lib\Tyuiu.AvdeevAS.Sprint6.Task2.V10.Lib.csproj", "{7ADD2882-9516-4B9E-9B46-442C65442584}"
EndProject
Project("{FAE04EC0-301F-11D3-BF4B-00C04F79EFBC}") = "Tyuiu.AvdeevAS.Sprint6.Task2.V10.Test", "Tyuiu.AvdeevAS.Sprint6.Task2.V10.Test\Tyuiu.AvdeevAS.Sprint6.Task2.V10.Test.csproj", "{90AA1A6F-B4D8-411A-B57D-EF9FEA31BBD9}"
EndProject
Project("{FAE04EC0-301F-11D3-BF4B-00C04F79EFBC}") = "Tyuiu.AvdeevAS.Sprint6.Task2.V10", "Tyuiu.AvdeevAS.Sprint6.Task2.V10\Tyuiu.AvdeevAS.Sprint6.Task2.V10.csproj", "{4E1FB51E-51DF-491D-BA98-A7ACF7AFE8E3}"
EndProject
Project("{FAE04EC0-301F-11D3-BF4B-00C04F79EFBC}") = "Tyuiu.AvdeevAS.Sprint6.Task3.V27.Lib", "Tyuiu.AvdeevAS.Sprint6.Task3.V27.Lib\Tyuiu.AvdeevAS.Sprint6.Task3.V27.Lib.csproj", "{F1ECAF10-B3A7-416C-9BC2-B29041772612}"
EndProject
Project("{FAE04EC0-301F-11D3-BF4B-00C04F79EFBC}") = "Tyuiu.AvdeevAS.Sprint6.Task3.V27.Test", "Tyuiu.AvdeevAS.Sprint6.Task3.V27.Test\Tyuiu.AvdeevAS.Sprint6.Task3.V27.Test.csproj", "{BDD01ADE-B434-4083-960A-E36E21509EFB}"
EndProject
Project("{FAE04EC0-301F-11D3-BF4B-00C04F79EFBC}") = "Tyuiu.AvdeevAS.Sprint6.Task3.V27", "Tyuiu.AvdeevAS.Sprint6.Task3.V27\Tyuiu.AvdeevAS.Sprint6.Task3.V27.csproj", "{F5C2D316-4005-4C00-BF06-D4CA5FD74E30}"
EndProject
Project("{FAE04EC0-301F-11D3-BF4B-00C04F79EFBC}") = "Tyuiu.AvdeevAS.Sprint6.Task4.V12", "Tyuiu.AvdeevAS.Sprint6.Task4.V12\Tyuiu.AvdeevAS.Sprint6.Task4.V12.csproj", "{9106FA37-51E0-4FB0-84D7-68416C8D3ADE}"
EndProject
Project("{FAE04EC0-301F-11D3-BF4B-00C04F79EFBC}") = "Tyuiu.AvdeevAS.Sprint6.Task4.V12.Lib", "Tyuiu.AvdeevAS.Sprint6.Task4.V12.Lib\Tyuiu.AvdeevAS.Sprint6.Task4.V12.Lib.csproj", "{624DDE38-3BC4-4A21-81FB-9C3F52D97282}"
EndProject
Project("{FAE04EC0-301F-11D3-BF4B-00C04F79EFBC}") = "Tyuiu.AvdeevAS.Sprint6.Task4.V12.Test", "Tyuiu.AvdeevAS.Sprint6.Task4.V12.Test\Tyuiu.AvdeevAS.Sprint6.Task4.V12.Test.csproj", "{890B9811-0431-427D-9400-3E871154D2E9}"
EndProject
Global
	GlobalSection(SolutionConfigurationPlatforms) = preSolution
		Debug|Any CPU = Debug|Any CPU
		Release|Any CPU = Release|Any CPU
	EndGlobalSection
	GlobalSection(ProjectConfigurationPlatforms) = postSolution
		{B6307F92-0D63-4945-B955-A97D22FEC20D}.Debug|Any CPU.ActiveCfg = Debug|Any CPU
		{B6307F92-0D63-4945-B955-A97D22FEC20D}.Debug|Any CPU.Build.0 = Debug|Any CPU
		{B6307F92-0D63-4945-B955-A97D22FEC20D}.Release|Any CPU.ActiveCfg = Release|Any CPU
		{B6307F92-0D63-4945-B955-A97D22FEC20D}.Release|Any CPU.Build.0 = Release|Any CPU
		{612B194D-74C8-4B81-A5EE-B979B611F28D}.Debug|Any CPU.ActiveCfg = Debug|Any CPU
		{612B194D-74C8-4B81-A5EE-B979B611F28D}.Debug|Any CPU.Build.0 = Debug|Any CPU
		{612B194D-74C8-4B81-A5EE-B979B611F28D}.Release|Any CPU.ActiveCfg = Release|Any CPU
		{612B194D-74C8-4B81-A5EE-B979B611F28D}.Release|Any CPU.Build.0 = Release|Any CPU
		{DE7DA14E-FED1-4BC3-B73E-25F595A1EB58}.Debug|Any CPU.ActiveCfg = Debug|Any CPU
		{DE7DA14E-FED1-4BC3-B73E-25F595A1EB58}.Debug|Any CPU.Build.0 = Debug|Any CPU
		{DE7DA14E-FED1-4BC3-B73E-25F595A1EB58}.Release|Any CPU.ActiveCfg = Release|Any CPU
		{DE7DA14E-FED1-4BC3-B73E-25F595A1EB58}.Release|Any CPU.Build.0 = Release|Any CPU
		{2FD94913-77A3-4132-BC3B-C392A8AF0AA0}.Debug|Any CPU.ActiveCfg = Debug|Any CPU
		{2FD94913-77A3-4132-BC3B-C392A8AF0AA0}.Debug|Any CPU.Build.0 = Debug|Any CPU
		{2FD94913-77A3-4132-BC3B-C392A8AF0AA0}.Release|Any CPU.ActiveCfg = Release|Any CPU
		{2FD94913-77A3-4132-BC3B-C392A8AF0AA0}.Release|Any CPU.Build.0 = Release|Any CPU
		{8423D115-881D-4C6D-9AAA-8260AB9AD7C3}.Debug|Any CPU.ActiveCfg = Debug|Any CPU
		{8423D115-881D-4C6D-9AAA-8260AB9AD7C3}.Debug|Any CPU.Build.0 = Debug|Any CPU
		{8423D115-881D-4C6D-9AAA-8260AB9AD7C3}.Release|Any CPU.ActiveCfg = Release|Any CPU
		{8423D115-881D-4C6D-9AAA-8260AB9AD7C3}.Release|Any CPU.Build.0 = Release|Any CPU
		{162104B9-FEB6-4096-9E9B-A18A053E9783}.Debug|Any CPU.ActiveCfg = Debug|Any CPU
		{162104B9-FEB6-4096-9E9B-A18A053E9783}.Debug|Any CPU.Build.0 = Debug|Any CPU
		{162104B9-FEB6-4096-9E9B-A18A053E9783}.Release|Any CPU.ActiveCfg = Release|Any CPU
		{162104B9-FEB6-4096-9E9B-A18A053E9783}.Release|Any CPU.Build.0 = Release|Any CPU
		{7ADD2882-9516-4B9E-9B46-442C65442584}.Debug|Any CPU.ActiveCfg = Debug|Any CPU
		{7ADD2882-9516-4B9E-9B46-442C65442584}.Debug|Any CPU.Build.0 = Debug|Any CPU
		{7ADD2882-9516-4B9E-9B46-442C65442584}.Release|Any CPU.ActiveCfg = Release|Any CPU
		{7ADD2882-9516-4B9E-9B46-442C65442584}.Release|Any CPU.Build.0 = Release|Any CPU
		{90AA1A6F-B4D8-411A-B57D-EF9FEA31BBD9}.Debug|Any CPU.ActiveCfg = Debug|Any CPU
		{90AA1A6F-B4D8-411A-B57D-EF9FEA31BBD9}.Debug|Any CPU.Build.0 = Debug|Any CPU
		{90AA1A6F-B4D8-411A-B57D-EF9FEA31BBD9}.Release|Any CPU.ActiveCfg = Release|Any CPU
		{90AA1A6F-B4D8-411A-B57D-EF9FEA31BBD9}.Release|Any CPU.Build.0 = Release|Any CPU
		{4E1FB51E-51DF-491D-BA98-A7ACF7AFE8E3}.Debug|Any CPU.ActiveCfg = Debug|Any CPU
		{4E1FB51E-51DF-491D-BA98-A7ACF7AFE8E3}.Debug|Any CPU.Build.0 = Debug|Any CPU
		{4E1FB51E-51DF-491D-BA98-A7ACF7AFE8E3}.Release|Any CPU.ActiveCfg = Release|Any CPU
		{4E1FB51E-51DF-491D-BA98-A7ACF7AFE8E3}.Release|Any CPU.Build.0 = Release|Any CPU
		{F1ECAF10-B3A7-416C-9BC2-B29041772612}.Debug|Any CPU.ActiveCfg = Debug|Any CPU
		{F1ECAF10-B3A7-416C-9BC2-B29041772612}.Debug|Any CPU.Build.0 = Debug|Any CPU
		{F1ECAF10-B3A7-416C-9BC2-B29041772612}.Release|Any CPU.ActiveCfg = Release|Any CPU
		{F1ECAF10-B3A7-416C-9BC2-B29041772612}.Release|Any CPU.Build.0 = Release|Any CPU
		{BDD01ADE-B434-4083-960A-E36E21509EFB}.Debug|Any CPU.ActiveCfg = Debug|Any CPU
		{BDD01ADE-B434-4083-960A-E36E21509EFB}.Debug|Any CPU.Build.0 = Debug|Any CPU
		{BDD01ADE-B434-4083-960A-E36E21509EFB}.Release|Any CPU.ActiveCfg = Release|Any CPU
		{BDD01ADE-B434-4083-960A-E36E21509EFB}.Release|Any CPU.Build.0 = Release|Any CPU
		{F5C2D316-4005-4C00-BF06-D4CA5FD74E30}.Debug|Any CPU.ActiveCfg = Debug|Any CPU
		{F5C2D316-4005-4C00-BF06-D4CA5FD74E30}.Debug|Any CPU.Build.0 = Debug|Any CPU
		{F5C2D316-4005-4C00-BF06-D4CA5FD74E30}.Release|Any CPU.ActiveCfg = Release|Any CPU
		{F5C2D316-4005-4C00-BF06-D4CA5FD74E30}.Release|Any CPU.Build.0 = Release|Any CPU
		{9106FA37-51E0-4FB0-84D7-68416C8D3ADE}.Debug|Any CPU.ActiveCfg = Debug|Any CPU
		{9106FA37-51E0-4FB0-84D7-68416C8D3ADE}.Debug|Any CPU.Build.0 = Debug|Any CPU
		{9106FA37-51E0-4FB0-84D7-68416C8D3ADE}.Release|Any CPU.ActiveCfg = Release|Any CPU
		{9106FA37-51E0-4FB0-84D7-68416C8D3ADE}.Release|Any CPU.Build.0 = Release|Any CPU
		{624DDE38-3BC4-4A21-81FB-9C3F52D97282}.Debug|Any CPU.ActiveCfg = Debug|Any CPU
		{624DDE38-3BC4-4A21-81FB-9C3F52D97282}.Debug|Any CPU.Build.0 = Debug|Any CPU
		{624DDE38-3BC4-4A21-81FB-9C3F52D97282}.Release|Any CPU.ActiveCfg = Release|Any CPU
		{624DDE38-3BC4-4A21-81FB-9C3F52D97282}.Release|Any CPU.Build.0 = Release|Any CPU
		{890B9811-0431-427D-9400-3E871154D2E9}.Debug|Any CPU.ActiveCfg = Debug|Any CPU
		{890B9811-0431-427D-9400-3E871154D2E9}.Debug|Any CPU.Build.0 = Debug|Any CPU
		{890B9811-0431-427D-9400-3E871154D2E9}.Release|Any CPU.ActiveCfg = Release|Any CPU
		{890B9811-0431-427D-9400-3E871154D2E9}.Release|Any CPU.Build.0 = Release|Any CPU
	EndGlobalSection
	GlobalSection(SolutionProperties) = preSolution
		HideSolutionNode = FALSE
	EndGlobalSection
	GlobalSection(NestedProjects) = preSolution
		{B6307F92-0D63-4945-B955-A97D22FEC20D} = {379F527B-6E15-4600-9B07-5E00F97E5901}
		{612B194D-74C8-4B81-A5EE-B979B611F28D} = {379F527B-6E15-4600-9B07-5E00F97E5901}
		{DE7DA14E-FED1-4BC3-B73E-25F595A1EB58} = {379F527B-6E15-4600-9B07-5E00F97E5901}
		{2FD94913-77A3-4132-BC3B-C392A8AF0AA0} = {8C4CA887-C95A-4B98-9D78-13E74B8A235F}
		{8423D115-881D-4C6D-9AAA-8260AB9AD7C3} = {8C4CA887-C95A-4B98-9D78-13E74B8A235F}
		{162104B9-FEB6-4096-9E9B-A18A053E9783} = {8C4CA887-C95A-4B98-9D78-13E74B8A235F}
		{7ADD2882-9516-4B9E-9B46-442C65442584} = {BF6FAC99-4CE2-4231-81AA-19D8E8000ABA}
		{90AA1A6F-B4D8-411A-B57D-EF9FEA31BBD9} = {BF6FAC99-4CE2-4231-81AA-19D8E8000ABA}
		{4E1FB51E-51DF-491D-BA98-A7ACF7AFE8E3} = {BF6FAC99-4CE2-4231-81AA-19D8E8000ABA}
		{F1ECAF10-B3A7-416C-9BC2-B29041772612} = {FADBBDEF-74CA-46BC-B3C1-FA889EE41479}
		{BDD01ADE-B434-4083-960A-E36E21509EFB} = {FADBBDEF-74CA-46BC-B3C1-FA889EE41479}
		{F5C2D316-4005-4C00-BF06-D4CA5FD74E30} = {FADBBDEF-74CA-46BC-B3C1-FA889EE41479}
		{9106FA37-51E0-4FB0-84D7-68416C8D3ADE} = {FE5EA13D-4569-47FC-A7AC-8EF90038F84D}
		{624DDE38-3BC4-4A21-81FB-9C3F52D97282} = {FE5EA13D-4569-47FC-A7AC-8EF90038F84D}
		{890B9811-0431-427D-9400-3E871154D2E9} = {FE5EA13D-4569-47FC-A7AC-8EF90038F84D}
	EndGlobalSection
	GlobalSection(ExtensibilityGlobals) = postSolution
		SolutionGuid = {92DE2622-0298-4CCA-BD7F-579A140D792B}
	EndGlobalSection
EndGlobal
